
Microsoft Visual Studio Solution File, Format Version 12.00
# Visual Studio Version 16
VisualStudioVersion = 16.0.28729.10
MinimumVisualStudioVersion = 10.0.40219.1
Project("{FAE04EC0-301F-11D3-BF4B-00C04F79EFBC}") = "captcha", "captcha\captcha.csproj", "{1F4AE6E6-8CAB-4974-B4D4-D202E1D80C9C}"
EndProject
Global
	GlobalSection(SolutionConfigurationPlatforms) = preSolution
		Debug|Any CPU = Debug|Any CPU
		Release|Any CPU = Release|Any CPU
	EndGlobalSection
	GlobalSection(ProjectConfigurationPlatforms) = postSolution
		{1F4AE6E6-8CAB-4974-B4D4-D202E1D80C9C}.Debug|Any CPU.ActiveCfg = Debug|Any CPU
		{1F4AE6E6-8CAB-4974-B4D4-D202E1D80C9C}.Debug|Any CPU.Build.0 = Debug|Any CPU
		{1F4AE6E6-8CAB-4974-B4D4-D202E1D80C9C}.Release|Any CPU.ActiveCfg = Release|Any CPU
		{1F4AE6E6-8CAB-4974-B4D4-D202E1D80C9C}.Release|Any CPU.Build.0 = Release|Any CPU
	EndGlobalSection
	GlobalSection(SolutionProperties) = preSolution
		HideSolutionNode = FALSE
	EndGlobalSection
	GlobalSection(ExtensibilityGlobals) = postSolution
		SolutionGuid = {AA025355-7D72-46A3-9FD8-5C5431B81C22}
	EndGlobalSection
EndGlobal
